{
  "name": "@tic-tac-woah/main",
  "version": "1.0.0",
  "lockfileVersion": 2,
  "requires": true,
  "packages": {
    "": {
      "name": "@tic-tac-woah/main",
      "version": "1.0.0",
      "license": "ISC",
      "dependencies": {
        "@relaycorp/ws-mock": "^5.2.2"
      }
    },
    "node_modules/@relaycorp/ws-mock": {
      "version": "5.2.2",
      "resolved": "https://registry.npmjs.org/@relaycorp/ws-mock/-/ws-mock-5.2.2.tgz",
      "integrity": "sha512-rn9K0rt7+Qysb2YS+nPFJB6ztCRO5uYSDhDWgE8gHJ+Ozd5Utf1Q4kiS0wn3/CTuHgBZFZ3O39WyfvKidltTOA==",
      "dependencies": {
        "buffer-to-arraybuffer": "0.0.6",
        "ws": "^7.5.3"
      },
      "engines": {
        "node": ">=12"
      },
      "peerDependencies": {
        "ws": ">= 7.4.1 < 8"
      }
    },
    "node_modules/buffer-to-arraybuffer": {
      "version": "0.0.6",
      "resolved": "https://registry.npmjs.org/buffer-to-arraybuffer/-/buffer-to-arraybuffer-0.0.6.tgz",
      "integrity": "sha512-i/ndmmCF5QC1D75QCO1EPwYRPIVRVs2yLwkl2bc8R5P1ORHGZZAbTwmYM/vpXt7KzCe+Y57E8YPGTJywgWBNRw=="
    },
    "node_modules/ws": {
      "version": "7.5.9",
      "resolved": "https://registry.npmjs.org/ws/-/ws-7.5.9.tgz",
      "integrity": "sha512-F+P9Jil7UiSKSkppIiD94dN07AwvFixvLIj1Og1Rl9GGMuNipJnV9JzjD6XuqmAeiswGvUmNLjr5cFuXwNS77Q==",
      "engines": {
        "node": ">=8.3.0"
      },
      "peerDependencies": {
        "bufferutil": "^4.0.1",
        "utf-8-validate": "^5.0.2"
      },
      "peerDependenciesMeta": {
        "bufferutil": {
          "optional": true
        },
        "utf-8-validate": {
          "optional": true
        }
      }
    }
  },
  "dependencies": {
    "@relaycorp/ws-mock": {
      "version": "5.2.2",
      "resolved": "https://registry.npmjs.org/@relaycorp/ws-mock/-/ws-mock-5.2.2.tgz",
      "integrity": "sha512-rn9K0rt7+Qysb2YS+nPFJB6ztCRO5uYSDhDWgE8gHJ+Ozd5Utf1Q4kiS0wn3/CTuHgBZFZ3O39WyfvKidltTOA==",
      "requires": {
        "buffer-to-arraybuffer": "0.0.6",
        "ws": "^7.5.3"
      }
    },
    "buffer-to-arraybuffer": {
      "version": "0.0.6",
      "resolved": "https://registry.npmjs.org/buffer-to-arraybuffer/-/buffer-to-arraybuffer-0.0.6.tgz",
      "integrity": "sha512-i/ndmmCF5QC1D75QCO1EPwYRPIVRVs2yLwkl2bc8R5P1ORHGZZAbTwmYM/vpXt7KzCe+Y57E8YPGTJywgWBNRw=="
    },
    "ws": {
      "version": "7.5.9",
      "resolved": "https://registry.npmjs.org/ws/-/ws-7.5.9.tgz",
      "integrity": "sha512-F+P9Jil7UiSKSkppIiD94dN07AwvFixvLIj1Og1Rl9GGMuNipJnV9JzjD6XuqmAeiswGvUmNLjr5cFuXwNS77Q==",
      "requires": {}
    }
  }
}
